
Microsoft Visual Studio Solution File, Format Version 12.00
Project("{FAE04EC0-301F-11D3-BF4B-00C04F79EFBC}") = "Application0", "Application0.csproj", "{673EDC06-1FED-4380-98E9-6040C828BCFB}"
EndProject
Global
	GlobalSection(SolutionConfigurationPlatforms) = preSolution
		Debug|Any CPU = Debug|Any CPU
		Release|Any CPU = Release|Any CPU
	EndGlobalSection
	GlobalSection(ProjectConfigurationPlatforms) = postSolution
		{673EDC06-1FED-4380-98E9-6040C828BCFB}.Debug|Any CPU.ActiveCfg = Debug|Any CPU
		{673EDC06-1FED-4380-98E9-6040C828BCFB}.Debug|Any CPU.Build.0 = Debug|Any CPU
		{673EDC06-1FED-4380-98E9-6040C828BCFB}.Release|Any CPU.ActiveCfg = Release|Any CPU
		{673EDC06-1FED-4380-98E9-6040C828BCFB}.Release|Any CPU.Build.0 = Release|Any CPU
	EndGlobalSection
EndGlobal
